
Microsoft Visual Studio Solution File, Format Version 12.00
# Visual Studio Version 16
VisualStudioVersion = 16.0.29411.108
MinimumVisualStudioVersion = 10.0.40219.1
Project("{9A19103F-16F7-4668-BE54-9A1E7A4F7556}") = "AsmFun.UI", "UI\AsmFun.UI\AsmFun.UI.csproj", "{FBB0BA9E-EC08-49C4-88F6-EF64508EA174}"
EndProject
Project("{9A19103F-16F7-4668-BE54-9A1E7A4F7556}") = "AsmFun.Common", "Common\AsmFun.Common\AsmFun.Common.csproj", "{C7AF19AF-99DF-4A3C-8156-0AE1D7E1E792}"
EndProject
Project("{2150E333-8FDC-42A3-9474-1A3956D46DE8}") = "Computer", "Computer", "{AA061632-E37A-4F80-A802-E69206C8E813}"
EndProject
Project("{2150E333-8FDC-42A3-9474-1A3956D46DE8}") = "Ide", "Ide", "{034DFA31-8686-4CF6-8B78-151BB0EF5328}"
EndProject
Project("{2150E333-8FDC-42A3-9474-1A3956D46DE8}") = "UI", "UI", "{D066B0BF-B731-4DAF-B964-A66E758290FA}"
EndProject
Project("{9A19103F-16F7-4668-BE54-9A1E7A4F7556}") = "AsmFun.NetCore", "Common\AsmFun.NetCore\AsmFun.NetCore.csproj", "{89BD2EF6-7B10-4BC6-9B9D-60667501B58C}"
EndProject
Project("{9A19103F-16F7-4668-BE54-9A1E7A4F7556}") = "AsmFun.Core", "Common\AsmFun.Core\AsmFun.Core.csproj", "{8F395FFC-BFBF-40F0-A040-DC2529258AAA}"
EndProject
Project("{9A19103F-16F7-4668-BE54-9A1E7A4F7556}") = "AsmFun.CommanderX16", "Computer\AsmFun.CommanderX16\AsmFun.CommanderX16.csproj", "{C29FA1A5-7710-4C24-A6BB-84EC71D182B1}"
EndProject
Project("{9A19103F-16F7-4668-BE54-9A1E7A4F7556}") = "AsmFun.Computer.Core", "Computer\AsmFun.Computer.Core\AsmFun.Computer.Core.csproj", "{C5756478-40B8-4BC3-ADB7-4655AB75089F}"
EndProject
Project("{9A19103F-16F7-4668-BE54-9A1E7A4F7556}") = "AsmFun.Ide.Core", "Ide\AsmFun.Ide.Core\AsmFun.Ide.Core.csproj", "{B2CD0991-D7C8-4ED5-8888-C0FAEF8E729F}"
EndProject
Project("{2150E333-8FDC-42A3-9474-1A3956D46DE8}") = "Common", "Common", "{BD345A36-FD1C-4B49-886D-5F5F304100AB}"
EndProject
Project("{9A19103F-16F7-4668-BE54-9A1E7A4F7556}") = "AsmFun.Computer.Common", "Computer\AsmFun.Computer.Common\AsmFun.Computer.Common.csproj", "{BF885848-B1C0-4E6A-8833-77C26296E281}"
EndProject
Project("{9A19103F-16F7-4668-BE54-9A1E7A4F7556}") = "AsmFun.BrowserPages", "Ide\AsmFun.BrowserPages\AsmFun.BrowserPages.csproj", "{9D6D7682-DE47-4391-ABF7-9C2C0D487AD5}"
EndProject
Project("{9A19103F-16F7-4668-BE54-9A1E7A4F7556}") = "AsmFun.WebServer", "Ide\AsmFun.WebServer\AsmFun.WebServer.csproj", "{82BD5577-9AF5-4725-B6E9-320A3DFB9480}"
EndProject
Project("{9A19103F-16F7-4668-BE54-9A1E7A4F7556}") = "AsmFun.SDL", "UI\AsmFun.SDL\AsmFun.SDL.csproj", "{DABEBD1A-CEC4-42F9-AAF8-2D37637F43B8}"
EndProject
Project("{9A19103F-16F7-4668-BE54-9A1E7A4F7556}") = "AsmFun.Ide.Common", "Ide\AsmFun.Ide.Common\AsmFun.Ide.Common.csproj", "{234CF0D3-89D3-4D57-922E-706766C790CE}"
EndProject
Project("{2150E333-8FDC-42A3-9474-1A3956D46DE8}") = "Online", "Online", "{F62D3265-780E-4672-ADE1-63920AAD2121}"
EndProject
Global
	GlobalSection(SolutionConfigurationPlatforms) = preSolution
		Debug|Any CPU = Debug|Any CPU
		Debug|x64 = Debug|x64
		Debug|x86 = Debug|x86
		Release|Any CPU = Release|Any CPU
		Release|x64 = Release|x64
		Release|x86 = Release|x86
	EndGlobalSection
	GlobalSection(ProjectConfigurationPlatforms) = postSolution
		{FBB0BA9E-EC08-49C4-88F6-EF64508EA174}.Debug|Any CPU.ActiveCfg = Debug|Any CPU
		{FBB0BA9E-EC08-49C4-88F6-EF64508EA174}.Debug|Any CPU.Build.0 = Debug|Any CPU
		{FBB0BA9E-EC08-49C4-88F6-EF64508EA174}.Debug|x64.ActiveCfg = Debug|Any CPU
		{FBB0BA9E-EC08-49C4-88F6-EF64508EA174}.Debug|x64.Build.0 = Debug|Any CPU
		{FBB0BA9E-EC08-49C4-88F6-EF64508EA174}.Debug|x86.ActiveCfg = Debug|Any CPU
		{FBB0BA9E-EC08-49C4-88F6-EF64508EA174}.Debug|x86.Build.0 = Debug|Any CPU
		{FBB0BA9E-EC08-49C4-88F6-EF64508EA174}.Release|Any CPU.ActiveCfg = Release|Any CPU
		{FBB0BA9E-EC08-49C4-88F6-EF64508EA174}.Release|Any CPU.Build.0 = Release|Any CPU
		{FBB0BA9E-EC08-49C4-88F6-EF64508EA174}.Release|x64.ActiveCfg = Release|Any CPU
		{FBB0BA9E-EC08-49C4-88F6-EF64508EA174}.Release|x64.Build.0 = Release|Any CPU
		{FBB0BA9E-EC08-49C4-88F6-EF64508EA174}.Release|x86.ActiveCfg = Release|Any CPU
		{FBB0BA9E-EC08-49C4-88F6-EF64508EA174}.Release|x86.Build.0 = Release|Any CPU
		{C7AF19AF-99DF-4A3C-8156-0AE1D7E1E792}.Debug|Any CPU.ActiveCfg = Debug|Any CPU
		{C7AF19AF-99DF-4A3C-8156-0AE1D7E1E792}.Debug|Any CPU.Build.0 = Debug|Any CPU
		{C7AF19AF-99DF-4A3C-8156-0AE1D7E1E792}.Debug|x64.ActiveCfg = Debug|Any CPU
		{C7AF19AF-99DF-4A3C-8156-0AE1D7E1E792}.Debug|x64.Build.0 = Debug|Any CPU
		{C7AF19AF-99DF-4A3C-8156-0AE1D7E1E792}.Debug|x86.ActiveCfg = Debug|Any CPU
		{C7AF19AF-99DF-4A3C-8156-0AE1D7E1E792}.Debug|x86.Build.0 = Debug|Any CPU
		{C7AF19AF-99DF-4A3C-8156-0AE1D7E1E792}.Release|Any CPU.ActiveCfg = Release|Any CPU
		{C7AF19AF-99DF-4A3C-8156-0AE1D7E1E792}.Release|Any CPU.Build.0 = Release|Any CPU
		{C7AF19AF-99DF-4A3C-8156-0AE1D7E1E792}.Release|x64.ActiveCfg = Release|Any CPU
		{C7AF19AF-99DF-4A3C-8156-0AE1D7E1E792}.Release|x64.Build.0 = Release|Any CPU
		{C7AF19AF-99DF-4A3C-8156-0AE1D7E1E792}.Release|x86.ActiveCfg = Release|Any CPU
		{C7AF19AF-99DF-4A3C-8156-0AE1D7E1E792}.Release|x86.Build.0 = Release|Any CPU
		{89BD2EF6-7B10-4BC6-9B9D-60667501B58C}.Debug|Any CPU.ActiveCfg = Debug|Any CPU
		{89BD2EF6-7B10-4BC6-9B9D-60667501B58C}.Debug|Any CPU.Build.0 = Debug|Any CPU
		{89BD2EF6-7B10-4BC6-9B9D-60667501B58C}.Debug|x64.ActiveCfg = Debug|Any CPU
		{89BD2EF6-7B10-4BC6-9B9D-60667501B58C}.Debug|x64.Build.0 = Debug|Any CPU
		{89BD2EF6-7B10-4BC6-9B9D-60667501B58C}.Debug|x86.ActiveCfg = Debug|Any CPU
		{89BD2EF6-7B10-4BC6-9B9D-60667501B58C}.Debug|x86.Build.0 = Debug|Any CPU
		{89BD2EF6-7B10-4BC6-9B9D-60667501B58C}.Release|Any CPU.ActiveCfg = Release|Any CPU
		{89BD2EF6-7B10-4BC6-9B9D-60667501B58C}.Release|Any CPU.Build.0 = Release|Any CPU
		{89BD2EF6-7B10-4BC6-9B9D-60667501B58C}.Release|x64.ActiveCfg = Release|Any CPU
		{89BD2EF6-7B10-4BC6-9B9D-60667501B58C}.Release|x64.Build.0 = Release|Any CPU
		{89BD2EF6-7B10-4BC6-9B9D-60667501B58C}.Release|x86.ActiveCfg = Release|Any CPU
		{89BD2EF6-7B10-4BC6-9B9D-60667501B58C}.Release|x86.Build.0 = Release|Any CPU
		{8F395FFC-BFBF-40F0-A040-DC2529258AAA}.Debug|Any CPU.ActiveCfg = Debug|Any CPU
		{8F395FFC-BFBF-40F0-A040-DC2529258AAA}.Debug|Any CPU.Build.0 = Debug|Any CPU
		{8F395FFC-BFBF-40F0-A040-DC2529258AAA}.Debug|x64.ActiveCfg = Debug|Any CPU
		{8F395FFC-BFBF-40F0-A040-DC2529258AAA}.Debug|x64.Build.0 = Debug|Any CPU
		{8F395FFC-BFBF-40F0-A040-DC2529258AAA}.Debug|x86.ActiveCfg = Debug|Any CPU
		{8F395FFC-BFBF-40F0-A040-DC2529258AAA}.Debug|x86.Build.0 = Debug|Any CPU
		{8F395FFC-BFBF-40F0-A040-DC2529258AAA}.Release|Any CPU.ActiveCfg = Release|Any CPU
		{8F395FFC-BFBF-40F0-A040-DC2529258AAA}.Release|Any CPU.Build.0 = Release|Any CPU
		{8F395FFC-BFBF-40F0-A040-DC2529258AAA}.Release|x64.ActiveCfg = Release|Any CPU
		{8F395FFC-BFBF-40F0-A040-DC2529258AAA}.Release|x64.Build.0 = Release|Any CPU
		{8F395FFC-BFBF-40F0-A040-DC2529258AAA}.Release|x86.ActiveCfg = Release|Any CPU
		{8F395FFC-BFBF-40F0-A040-DC2529258AAA}.Release|x86.Build.0 = Release|Any CPU
		{C29FA1A5-7710-4C24-A6BB-84EC71D182B1}.Debug|Any CPU.ActiveCfg = Debug|Any CPU
		{C29FA1A5-7710-4C24-A6BB-84EC71D182B1}.Debug|Any CPU.Build.0 = Debug|Any CPU
		{C29FA1A5-7710-4C24-A6BB-84EC71D182B1}.Debug|x64.ActiveCfg = Debug|Any CPU
		{C29FA1A5-7710-4C24-A6BB-84EC71D182B1}.Debug|x64.Build.0 = Debug|Any CPU
		{C29FA1A5-7710-4C24-A6BB-84EC71D182B1}.Debug|x86.ActiveCfg = Debug|Any CPU
		{C29FA1A5-7710-4C24-A6BB-84EC71D182B1}.Debug|x86.Build.0 = Debug|Any CPU
		{C29FA1A5-7710-4C24-A6BB-84EC71D182B1}.Release|Any CPU.ActiveCfg = Release|Any CPU
		{C29FA1A5-7710-4C24-A6BB-84EC71D182B1}.Release|Any CPU.Build.0 = Release|Any CPU
		{C29FA1A5-7710-4C24-A6BB-84EC71D182B1}.Release|x64.ActiveCfg = Release|Any CPU
		{C29FA1A5-7710-4C24-A6BB-84EC71D182B1}.Release|x64.Build.0 = Release|Any CPU
		{C29FA1A5-7710-4C24-A6BB-84EC71D182B1}.Release|x86.ActiveCfg = Release|Any CPU
		{C29FA1A5-7710-4C24-A6BB-84EC71D182B1}.Release|x86.Build.0 = Release|Any CPU
		{C5756478-40B8-4BC3-ADB7-4655AB75089F}.Debug|Any CPU.ActiveCfg = Debug|Any CPU
		{C5756478-40B8-4BC3-ADB7-4655AB75089F}.Debug|Any CPU.Build.0 = Debug|Any CPU
		{C5756478-40B8-4BC3-ADB7-4655AB75089F}.Debug|x64.ActiveCfg = Debug|Any CPU
		{C5756478-40B8-4BC3-ADB7-4655AB75089F}.Debug|x64.Build.0 = Debug|Any CPU
		{C5756478-40B8-4BC3-ADB7-4655AB75089F}.Debug|x86.ActiveCfg = Debug|Any CPU
		{C5756478-40B8-4BC3-ADB7-4655AB75089F}.Debug|x86.Build.0 = Debug|Any CPU
		{C5756478-40B8-4BC3-ADB7-4655AB75089F}.Release|Any CPU.ActiveCfg = Release|Any CPU
		{C5756478-40B8-4BC3-ADB7-4655AB75089F}.Release|Any CPU.Build.0 = Release|Any CPU
		{C5756478-40B8-4BC3-ADB7-4655AB75089F}.Release|x64.ActiveCfg = Release|Any CPU
		{C5756478-40B8-4BC3-ADB7-4655AB75089F}.Release|x64.Build.0 = Release|Any CPU
		{C5756478-40B8-4BC3-ADB7-4655AB75089F}.Release|x86.ActiveCfg = Release|Any CPU
		{C5756478-40B8-4BC3-ADB7-4655AB75089F}.Release|x86.Build.0 = Release|Any CPU
		{B2CD0991-D7C8-4ED5-8888-C0FAEF8E729F}.Debug|Any CPU.ActiveCfg = Debug|Any CPU
		{B2CD0991-D7C8-4ED5-8888-C0FAEF8E729F}.Debug|Any CPU.Build.0 = Debug|Any CPU
		{B2CD0991-D7C8-4ED5-8888-C0FAEF8E729F}.Debug|x64.ActiveCfg = Debug|Any CPU
		{B2CD0991-D7C8-4ED5-8888-C0FAEF8E729F}.Debug|x64.Build.0 = Debug|Any CPU
		{B2CD0991-D7C8-4ED5-8888-C0FAEF8E729F}.Debug|x86.ActiveCfg = Debug|Any CPU
		{B2CD0991-D7C8-4ED5-8888-C0FAEF8E729F}.Debug|x86.Build.0 = Debug|Any CPU
		{B2CD0991-D7C8-4ED5-8888-C0FAEF8E729F}.Release|Any CPU.ActiveCfg = Release|Any CPU
		{B2CD0991-D7C8-4ED5-8888-C0FAEF8E729F}.Release|Any CPU.Build.0 = Release|Any CPU
		{B2CD0991-D7C8-4ED5-8888-C0FAEF8E729F}.Release|x64.ActiveCfg = Release|Any CPU
		{B2CD0991-D7C8-4ED5-8888-C0FAEF8E729F}.Release|x64.Build.0 = Release|Any CPU
		{B2CD0991-D7C8-4ED5-8888-C0FAEF8E729F}.Release|x86.ActiveCfg = Release|Any CPU
		{B2CD0991-D7C8-4ED5-8888-C0FAEF8E729F}.Release|x86.Build.0 = Release|Any CPU
		{BF885848-B1C0-4E6A-8833-77C26296E281}.Debug|Any CPU.ActiveCfg = Debug|Any CPU
		{BF885848-B1C0-4E6A-8833-77C26296E281}.Debug|Any CPU.Build.0 = Debug|Any CPU
		{BF885848-B1C0-4E6A-8833-77C26296E281}.Debug|x64.ActiveCfg = Debug|Any CPU
		{BF885848-B1C0-4E6A-8833-77C26296E281}.Debug|x64.Build.0 = Debug|Any CPU
		{BF885848-B1C0-4E6A-8833-77C26296E281}.Debug|x86.ActiveCfg = Debug|Any CPU
		{BF885848-B1C0-4E6A-8833-77C26296E281}.Debug|x86.Build.0 = Debug|Any CPU
		{BF885848-B1C0-4E6A-8833-77C26296E281}.Release|Any CPU.ActiveCfg = Release|Any CPU
		{BF885848-B1C0-4E6A-8833-77C26296E281}.Release|Any CPU.Build.0 = Release|Any CPU
		{BF885848-B1C0-4E6A-8833-77C26296E281}.Release|x64.ActiveCfg = Release|Any CPU
		{BF885848-B1C0-4E6A-8833-77C26296E281}.Release|x64.Build.0 = Release|Any CPU
		{BF885848-B1C0-4E6A-8833-77C26296E281}.Release|x86.ActiveCfg = Release|Any CPU
		{BF885848-B1C0-4E6A-8833-77C26296E281}.Release|x86.Build.0 = Release|Any CPU
		{9D6D7682-DE47-4391-ABF7-9C2C0D487AD5}.Debug|Any CPU.ActiveCfg = Debug|Any CPU
		{9D6D7682-DE47-4391-ABF7-9C2C0D487AD5}.Debug|Any CPU.Build.0 = Debug|Any CPU
		{9D6D7682-DE47-4391-ABF7-9C2C0D487AD5}.Debug|x64.ActiveCfg = Debug|Any CPU
		{9D6D7682-DE47-4391-ABF7-9C2C0D487AD5}.Debug|x64.Build.0 = Debug|Any CPU
		{9D6D7682-DE47-4391-ABF7-9C2C0D487AD5}.Debug|x86.ActiveCfg = Debug|Any CPU
		{9D6D7682-DE47-4391-ABF7-9C2C0D487AD5}.Debug|x86.Build.0 = Debug|Any CPU
		{9D6D7682-DE47-4391-ABF7-9C2C0D487AD5}.Release|Any CPU.ActiveCfg = Release|Any CPU
		{9D6D7682-DE47-4391-ABF7-9C2C0D487AD5}.Release|Any CPU.Build.0 = Release|Any CPU
		{9D6D7682-DE47-4391-ABF7-9C2C0D487AD5}.Release|x64.ActiveCfg = Release|Any CPU
		{9D6D7682-DE47-4391-ABF7-9C2C0D487AD5}.Release|x64.Build.0 = Release|Any CPU
		{9D6D7682-DE47-4391-ABF7-9C2C0D487AD5}.Release|x86.ActiveCfg = Release|Any CPU
		{9D6D7682-DE47-4391-ABF7-9C2C0D487AD5}.Release|x86.Build.0 = Release|Any CPU
		{82BD5577-9AF5-4725-B6E9-320A3DFB9480}.Debug|Any CPU.ActiveCfg = Debug|Any CPU
		{82BD5577-9AF5-4725-B6E9-320A3DFB9480}.Debug|Any CPU.Build.0 = Debug|Any CPU
		{82BD5577-9AF5-4725-B6E9-320A3DFB9480}.Debug|x64.ActiveCfg = Debug|Any CPU
		{82BD5577-9AF5-4725-B6E9-320A3DFB9480}.Debug|x64.Build.0 = Debug|Any CPU
		{82BD5577-9AF5-4725-B6E9-320A3DFB9480}.Debug|x86.ActiveCfg = Debug|Any CPU
		{82BD5577-9AF5-4725-B6E9-320A3DFB9480}.Debug|x86.Build.0 = Debug|Any CPU
		{82BD5577-9AF5-4725-B6E9-320A3DFB9480}.Release|Any CPU.ActiveCfg = Release|Any CPU
		{82BD5577-9AF5-4725-B6E9-320A3DFB9480}.Release|Any CPU.Build.0 = Release|Any CPU
		{82BD5577-9AF5-4725-B6E9-320A3DFB9480}.Release|x64.ActiveCfg = Release|Any CPU
		{82BD5577-9AF5-4725-B6E9-320A3DFB9480}.Release|x64.Build.0 = Release|Any CPU
		{82BD5577-9AF5-4725-B6E9-320A3DFB9480}.Release|x86.ActiveCfg = Release|Any CPU
		{82BD5577-9AF5-4725-B6E9-320A3DFB9480}.Release|x86.Build.0 = Release|Any CPU
		{DABEBD1A-CEC4-42F9-AAF8-2D37637F43B8}.Debug|Any CPU.ActiveCfg = Debug|Any CPU
		{DABEBD1A-CEC4-42F9-AAF8-2D37637F43B8}.Debug|Any CPU.Build.0 = Debug|Any CPU
		{DABEBD1A-CEC4-42F9-AAF8-2D37637F43B8}.Debug|x64.ActiveCfg = Debug|Any CPU
		{DABEBD1A-CEC4-42F9-AAF8-2D37637F43B8}.Debug|x64.Build.0 = Debug|Any CPU
		{DABEBD1A-CEC4-42F9-AAF8-2D37637F43B8}.Debug|x86.ActiveCfg = Debug|Any CPU
		{DABEBD1A-CEC4-42F9-AAF8-2D37637F43B8}.Debug|x86.Build.0 = Debug|Any CPU
		{DABEBD1A-CEC4-42F9-AAF8-2D37637F43B8}.Release|Any CPU.ActiveCfg = Release|Any CPU
		{DABEBD1A-CEC4-42F9-AAF8-2D37637F43B8}.Release|Any CPU.Build.0 = Release|Any CPU
		{DABEBD1A-CEC4-42F9-AAF8-2D37637F43B8}.Release|x64.ActiveCfg = Release|Any CPU
		{DABEBD1A-CEC4-42F9-AAF8-2D37637F43B8}.Release|x64.Build.0 = Release|Any CPU
		{DABEBD1A-CEC4-42F9-AAF8-2D37637F43B8}.Release|x86.ActiveCfg = Release|Any CPU
		{DABEBD1A-CEC4-42F9-AAF8-2D37637F43B8}.Release|x86.Build.0 = Release|Any CPU
		{234CF0D3-89D3-4D57-922E-706766C790CE}.Debug|Any CPU.ActiveCfg = Debug|Any CPU
		{234CF0D3-89D3-4D57-922E-706766C790CE}.Debug|Any CPU.Build.0 = Debug|Any CPU
		{234CF0D3-89D3-4D57-922E-706766C790CE}.Debug|x64.ActiveCfg = Debug|Any CPU
		{234CF0D3-89D3-4D57-922E-706766C790CE}.Debug|x64.Build.0 = Debug|Any CPU
		{234CF0D3-89D3-4D57-922E-706766C790CE}.Debug|x86.ActiveCfg = Debug|Any CPU
		{234CF0D3-89D3-4D57-922E-706766C790CE}.Debug|x86.Build.0 = Debug|Any CPU
		{234CF0D3-89D3-4D57-922E-706766C790CE}.Release|Any CPU.ActiveCfg = Release|Any CPU
		{234CF0D3-89D3-4D57-922E-706766C790CE}.Release|Any CPU.Build.0 = Release|Any CPU
		{234CF0D3-89D3-4D57-922E-706766C790CE}.Release|x64.ActiveCfg = Release|Any CPU
		{234CF0D3-89D3-4D57-922E-706766C790CE}.Release|x64.Build.0 = Release|Any CPU
		{234CF0D3-89D3-4D57-922E-706766C790CE}.Release|x86.ActiveCfg = Release|Any CPU
		{234CF0D3-89D3-4D57-922E-706766C790CE}.Release|x86.Build.0 = Release|Any CPU
	EndGlobalSection
	GlobalSection(SolutionProperties) = preSolution
		HideSolutionNode = FALSE
	EndGlobalSection
	GlobalSection(NestedProjects) = preSolution
		{FBB0BA9E-EC08-49C4-88F6-EF64508EA174} = {D066B0BF-B731-4DAF-B964-A66E758290FA}
		{C7AF19AF-99DF-4A3C-8156-0AE1D7E1E792} = {BD345A36-FD1C-4B49-886D-5F5F304100AB}
		{89BD2EF6-7B10-4BC6-9B9D-60667501B58C} = {BD345A36-FD1C-4B49-886D-5F5F304100AB}
		{8F395FFC-BFBF-40F0-A040-DC2529258AAA} = {BD345A36-FD1C-4B49-886D-5F5F304100AB}
		{C29FA1A5-7710-4C24-A6BB-84EC71D182B1} = {AA061632-E37A-4F80-A802-E69206C8E813}
		{C5756478-40B8-4BC3-ADB7-4655AB75089F} = {AA061632-E37A-4F80-A802-E69206C8E813}
		{B2CD0991-D7C8-4ED5-8888-C0FAEF8E729F} = {034DFA31-8686-4CF6-8B78-151BB0EF5328}
		{BF885848-B1C0-4E6A-8833-77C26296E281} = {AA061632-E37A-4F80-A802-E69206C8E813}
		{9D6D7682-DE47-4391-ABF7-9C2C0D487AD5} = {034DFA31-8686-4CF6-8B78-151BB0EF5328}
		{82BD5577-9AF5-4725-B6E9-320A3DFB9480} = {034DFA31-8686-4CF6-8B78-151BB0EF5328}
		{DABEBD1A-CEC4-42F9-AAF8-2D37637F43B8} = {D066B0BF-B731-4DAF-B964-A66E758290FA}
		{234CF0D3-89D3-4D57-922E-706766C790CE} = {034DFA31-8686-4CF6-8B78-151BB0EF5328}
	EndGlobalSection
	GlobalSection(ExtensibilityGlobals) = postSolution
		SolutionGuid = {25A63626-CBFB-4FE2-BEBE-DFE3D87DF55D}
		LessCompiler = 0b3e62d7-f5e2-4d13-a6fd-fc8dc06b8801
	EndGlobalSection
EndGlobal
